<?xml version="1.0" encoding="utf-8"?>
<Project ToolsVersion="4.0" xmlns="http://schemas.microsoft.com/developer/msbuild/2003">
  <ItemGroup>
    <Filter Include="Source">
      <UniqueIdentifier>{4FC737F1-C7A5-4376-A066-2A32D752A2FF}</UniqueIdentifier>
      <Extensions>cpp;c;cc;cxx;c++;cppm;ixx;def;odl;idl;hpj;bat;asm;asmx</Extensions>
    </Filter>
  </ItemGroup>
  <ItemGroup>
    <ClCompile Include="Source\icApp.cpp">
      <Filter>Source</Filter>
    </ClCompile>
    <ClCompile Include="Source\icFrame.cpp">
      <Filter>Source</Filter>
    </ClCompile>
    <ClCompile Include="Source\icCanvas.cpp">
      <Filter>Source</Filter>
    </ClCompile>
    <ClCompile Include="Source\icVector.cpp">
      <Filter>Source</Filter>
    </ClCompile>
    <ClCompile Include="Source\icRectangle.cpp">
      <Filter>Source</Filter>
    </ClCompile>
    <ClCompile Include="Source\icNode.cpp">
      <Filter>Source</Filter>
    </ClCompile>
    <ClCompile Include="Source\icProject.cpp">
      <Filter>Source</Filter>
    </ClCompile>
    <ClCompile Include="Source\icAnchor.cpp">
      <Filter>Source</Filter>
    </ClCompile>
    <ClCompile Include="Source\icTransform.cpp">
      <Filter>Source</Filter>
    </ClCompile>
    <ClCompile Include="Source\icConvexPolygon.cpp">
      <Filter>Source</Filter>
    </ClCompile>
    <ClCompile Include="Source\icGenerateImageDialog.cpp">
      <Filter>Source</Filter>
    </ClCompile>
  </ItemGroup>
  <ItemGroup>
    <ClInclude Include="Source\icApp.h">
      <Filter>Source</Filter>
    </ClInclude>
    <ClInclude Include="Source\icFrame.h">
      <Filter>Source</Filter>
    </ClInclude>
    <ClInclude Include="Source\icCanvas.h">
      <Filter>Source</Filter>
    </ClInclude>
    <ClInclude Include="Source\icRectangle.h">
      <Filter>Source</Filter>
    </ClInclude>
    <ClInclude Include="Source\icVector.h">
      <Filter>Source</Filter>
    </ClInclude>
    <ClInclude Include="Source\icProject.h">
      <Filter>Source</Filter>
    </ClInclude>
    <ClInclude Include="Source\icNode.h">
      <Filter>Source</Filter>
    </ClInclude>
    <ClInclude Include="Source\icAnchor.h">
      <Filter>Source</Filter>
    </ClInclude>
    <ClInclude Include="Source\icTransform.h">
      <Filter>Source</Filter>
    </ClInclude>
    <ClInclude Include="Source\icConvexPolygon.h">
      <Filter>Source</Filter>
    </ClInclude>
    <ClInclude Include="Source\icGenerateImageDialog.h">
      <Filter>Source</Filter>
    </ClInclude>
  </ItemGroup>
</Project>